
Microsoft Visual Studio Solution File, Format Version 12.00
# Visual Studio Version 16
VisualStudioVersion = 16.0.29926.136
MinimumVisualStudioVersion = 10.0.40219.1
Project("{FAE04EC0-301F-11D3-BF4B-00C04F79EFBC}") = "ConsoleAppOOPRocketDucks", "ConsoleAppOOPRocketDucks\ConsoleAppOOPRocketDucks.csproj", "{55D9298B-7FDB-4EFF-B760-C1B2847040ED}"
EndProject
Global
	GlobalSection(SolutionConfigurationPlatforms) = preSolution
		Debug|Any CPU = Debug|Any CPU
		Release|Any CPU = Release|Any CPU
	EndGlobalSection
	GlobalSection(ProjectConfigurationPlatforms) = postSolution
		{55D9298B-7FDB-4EFF-B760-C1B2847040ED}.Debug|Any CPU.ActiveCfg = Debug|Any CPU
		{55D9298B-7FDB-4EFF-B760-C1B2847040ED}.Debug|Any CPU.Build.0 = Debug|Any CPU
		{55D9298B-7FDB-4EFF-B760-C1B2847040ED}.Release|Any CPU.ActiveCfg = Release|Any CPU
		{55D9298B-7FDB-4EFF-B760-C1B2847040ED}.Release|Any CPU.Build.0 = Release|Any CPU
	EndGlobalSection
	GlobalSection(SolutionProperties) = preSolution
		HideSolutionNode = FALSE
	EndGlobalSection
	GlobalSection(ExtensibilityGlobals) = postSolution
		SolutionGuid = {383D3824-FD42-49E8-B937-CBAD7DA55295}
	EndGlobalSection
EndGlobal
